
Microsoft Visual Studio Solution File, Format Version 12.00
# Visual Studio 2013
VisualStudioVersion = 12.0.31101.0
MinimumVisualStudioVersion = 10.0.40219.1
Project("{FAE04EC0-301F-11D3-BF4B-00C04F79EFBC}") = "xevents-helper", "xevents-helper\xevents-helper.csproj", "{516D9D7A-D325-46F1-987E-45F7DE47C1DA}"
EndProject
Project("{2150E333-8FDC-42A3-9474-1A3956D46DE8}") = "PublishScripts", "PublishScripts", "{23A91FF8-6603-4735-AC29-210C81421F81}"
	ProjectSection(SolutionItems) = preProject
		PublishScripts\AzureWebsitePublishModule.psm1 = PublishScripts\AzureWebsitePublishModule.psm1
		PublishScripts\Publish-WebApplicationWebsite.ps1 = PublishScripts\Publish-WebApplicationWebsite.ps1
	EndProjectSection
EndProject
Project("{2150E333-8FDC-42A3-9474-1A3956D46DE8}") = "Configurations", "Configurations", "{E5D3283E-23EC-42ED-B8D1-39DCD08E9985}"
	ProjectSection(SolutionItems) = preProject
		PublishScripts\Configurations\xevents-helper-WAWS-dev.json = PublishScripts\Configurations\xevents-helper-WAWS-dev.json
	EndProjectSection
EndProject
Project("{00D1A9C2-B5F0-4AF3-8072-F6C62B433612}") = "xevents-helper.database", "xevents-helper.database\xevents-helper.database.sqlproj", "{FD5D9F6E-071A-4098-802C-96A709F15C8F}"
EndProject
Project("{FAE04EC0-301F-11D3-BF4B-00C04F79EFBC}") = "xevents-helper.test", "xevents-helper.test\xevents-helper.test.csproj", "{775A062E-23B5-4806-9585-7A5E096B2341}"
EndProject
Global
	GlobalSection(SolutionConfigurationPlatforms) = preSolution
		Debug|Any CPU = Debug|Any CPU
		Release|Any CPU = Release|Any CPU
	EndGlobalSection
	GlobalSection(ProjectConfigurationPlatforms) = postSolution
		{516D9D7A-D325-46F1-987E-45F7DE47C1DA}.Debug|Any CPU.ActiveCfg = Debug|Any CPU
		{516D9D7A-D325-46F1-987E-45F7DE47C1DA}.Debug|Any CPU.Build.0 = Debug|Any CPU
		{516D9D7A-D325-46F1-987E-45F7DE47C1DA}.Release|Any CPU.ActiveCfg = Release|Any CPU
		{516D9D7A-D325-46F1-987E-45F7DE47C1DA}.Release|Any CPU.Build.0 = Release|Any CPU
		{FD5D9F6E-071A-4098-802C-96A709F15C8F}.Debug|Any CPU.ActiveCfg = Debug|Any CPU
		{FD5D9F6E-071A-4098-802C-96A709F15C8F}.Debug|Any CPU.Build.0 = Debug|Any CPU
		{FD5D9F6E-071A-4098-802C-96A709F15C8F}.Debug|Any CPU.Deploy.0 = Debug|Any CPU
		{FD5D9F6E-071A-4098-802C-96A709F15C8F}.Release|Any CPU.ActiveCfg = Release|Any CPU
		{FD5D9F6E-071A-4098-802C-96A709F15C8F}.Release|Any CPU.Build.0 = Release|Any CPU
		{FD5D9F6E-071A-4098-802C-96A709F15C8F}.Release|Any CPU.Deploy.0 = Release|Any CPU
		{775A062E-23B5-4806-9585-7A5E096B2341}.Debug|Any CPU.ActiveCfg = Debug|Any CPU
		{775A062E-23B5-4806-9585-7A5E096B2341}.Debug|Any CPU.Build.0 = Debug|Any CPU
		{775A062E-23B5-4806-9585-7A5E096B2341}.Release|Any CPU.ActiveCfg = Release|Any CPU
		{775A062E-23B5-4806-9585-7A5E096B2341}.Release|Any CPU.Build.0 = Release|Any CPU
	EndGlobalSection
	GlobalSection(SolutionProperties) = preSolution
		HideSolutionNode = FALSE
	EndGlobalSection
	GlobalSection(NestedProjects) = preSolution
		{E5D3283E-23EC-42ED-B8D1-39DCD08E9985} = {23A91FF8-6603-4735-AC29-210C81421F81}
	EndGlobalSection
EndGlobal
